{
    "_readme": [
        "This file locks the dependencies of your project to a known state",
        "Read more about it at https://getcomposer.org/doc/01-basic-usage.md#installing-dependencies",
        "This file is @generated automatically"
    ],
    "content-hash": "7c5ef6953d2d843442cd2fab44dedc99",
    "packages": [
        {
            "name": "adbario/php-dot-notation",
            "version": "2.5.0",
            "source": {
                "type": "git",
                "url": "https://github.com/adbario/php-dot-notation.git",
                "reference": "081e2cca50c84bfeeea2e3ef9b2c8d206d80ccae"
            },
            "dist": {
                "type": "zip",
                "url": "https://api.github.com/repos/adbario/php-dot-notation/zipball/081e2cca50c84bfeeea2e3ef9b2c8d206d80ccae",
                "reference": "081e2cca50c84bfeeea2e3ef9b2c8d206d80ccae",
                "shasum": ""
            },
            "require": {
                "ext-json": "*",
                "php": "^5.5 || ^7.0 || ^8.0"
            },
            "require-dev": {
                "phpunit/phpunit": "^4.8|^5.7|^6.6|^7.5|^8.5|^9.5",
                "squizlabs/php_codesniffer": "^3.6"
            },
            "type": "library",
            "autoload": {
                "files": [
                    "src/helpers.php"
                ],
                "psr-4": {
                    "Adbar\\": "src"
                }
            },
            "notification-url": "https://packagist.org/downloads/",
            "license": [
                "MIT"
            ],
            "authors": [
                {
                    "name": "Riku Särkinen",
                    "email": "riku@adbar.io"
                }
            ],
            "description": "PHP dot notation access to arrays",
            "homepage": "https://github.com/adbario/php-dot-notation",
            "keywords": [
                "ArrayAccess",
                "dotnotation"
            ],
            "support": {
                "issues": "https://github.com/adbario/php-dot-notation/issues",
                "source": "https://github.com/adbario/php-dot-notation/tree/2.5.0"
            },
            "time": "2022-10-14T20:31:46+00:00"
        },
        {
            "name": "dotink/jin",
            "version": "4.8.0",
            "source": {
                "type": "git",
                "url": "https://github.com/dotink/jin.git",
                "reference": "6526232bed0e65eb269477f2dc76c6761961a017"
            },
            "dist": {
                "type": "zip",
                "url": "https://api.github.com/repos/dotink/jin/zipball/6526232bed0e65eb269477f2dc76c6761961a017",
                "reference": "6526232bed0e65eb269477f2dc76c6761961a017",
                "shasum": ""
            },
            "require": {
                "adbario/php-dot-notation": "^2.5",
                "php": ">=5.4.0"
            },
            "require-dev": {
                "dotink/lab": "^1.1",
                "dotink/sage": "^1.0",
                "phpunit/phpunit": "^7.4"
            },
            "type": "library",
            "autoload": {
                "classmap": [
                    "src/"
                ]
            },
            "notification-url": "https://packagist.org/downloads/",
            "license": [
                "MIT"
            ],
            "authors": [
                {
                    "name": "Matthew J. Sahagian",
                    "email": "msahagian@dotink.org",
                    "role": "Developer"
                }
            ],
            "description": "Jsonified Ini Notation",
            "keywords": [
                "keyword"
            ],
            "support": {
                "issues": "https://github.com/dotink/jin/issues",
                "source": "https://github.com/dotink/jin/tree/4.8.0"
            },
            "time": "2023-10-31T04:30:34+00:00"
        }
    ],
    "packages-dev": [],
    "aliases": [],
    "minimum-stability": "stable",
    "stability-flags": [],
    "prefer-stable": false,
    "prefer-lowest": false,
    "platform": [],
    "platform-dev": [],
    "plugin-api-version": "2.6.0"
}
